
Microsoft Visual Studio Solution File, Format Version 12.00
# Visual Studio Version 17
VisualStudioVersion = 17.5.33424.131
MinimumVisualStudioVersion = 10.0.40219.1
Project("{2150E333-8FDC-42A3-9474-1A3956D46DE8}") = "Solution Items", "Solution Items", "{13B1E34C-ED8F-486D-8687-38C50ACD2487}"
	ProjectSection(SolutionItems) = preProject
		.gitignore = .gitignore
		README.md = README.md
	EndProjectSection
EndProject
Project("{FAE04EC0-301F-11D3-BF4B-00C04F79EFBC}") = "SharedResources", "SharedResources\SharedResources.csproj", "{875C8E70-CA70-45CA-A304-F925A86CF4A5}"
EndProject
Project("{FAE04EC0-301F-11D3-BF4B-00C04F79EFBC}") = "LocalMemory", "LocalMemory\LocalMemory.csproj", "{D3949DF0-882F-435B-ADEB-B49FDED5ABD0}"
EndProject
Project("{FAE04EC0-301F-11D3-BF4B-00C04F79EFBC}") = "ThreadPoolDemo", "ThreadPoolDemo\ThreadPoolDemo.csproj", "{D1E3BF05-6302-4725-8F55-92FC19939022}"
EndProject
Project("{FAE04EC0-301F-11D3-BF4B-00C04F79EFBC}") = "JoinBackground", "JoinBackground\JoinBackground.csproj", "{AC02049B-EDA1-4593-A48F-87AF88D5A27F}"
EndProject
Project("{FAE04EC0-301F-11D3-BF4B-00C04F79EFBC}") = "ExceptionHandling", "ExceptionHandling\ExceptionHandling.csproj", "{3EC0D9A6-490A-4755-8115-4AF55F121A88}"
EndProject
Project("{2150E333-8FDC-42A3-9474-1A3956D46DE8}") = "Tasks", "Tasks", "{E7B6D5D9-7D10-4801-BC6C-FA746B3A877B}"
EndProject
Project("{FAE04EC0-301F-11D3-BF4B-00C04F79EFBC}") = "TaskDemo", "TaskDemo\TaskDemo.csproj", "{1D52BB80-6A09-4EE0-96E6-BA07380C5D50}"
EndProject
Project("{FAE04EC0-301F-11D3-BF4B-00C04F79EFBC}") = "Synchronization", "Synchronization\Synchronization.csproj", "{F3D62368-B7C0-440B-B679-3A4EEA87B3B3}"
EndProject
Global
	GlobalSection(SolutionConfigurationPlatforms) = preSolution
		Debug|Any CPU = Debug|Any CPU
		Release|Any CPU = Release|Any CPU
	EndGlobalSection
	GlobalSection(ProjectConfigurationPlatforms) = postSolution
		{875C8E70-CA70-45CA-A304-F925A86CF4A5}.Debug|Any CPU.ActiveCfg = Debug|Any CPU
		{875C8E70-CA70-45CA-A304-F925A86CF4A5}.Debug|Any CPU.Build.0 = Debug|Any CPU
		{875C8E70-CA70-45CA-A304-F925A86CF4A5}.Release|Any CPU.ActiveCfg = Release|Any CPU
		{875C8E70-CA70-45CA-A304-F925A86CF4A5}.Release|Any CPU.Build.0 = Release|Any CPU
		{D3949DF0-882F-435B-ADEB-B49FDED5ABD0}.Debug|Any CPU.ActiveCfg = Debug|Any CPU
		{D3949DF0-882F-435B-ADEB-B49FDED5ABD0}.Debug|Any CPU.Build.0 = Debug|Any CPU
		{D3949DF0-882F-435B-ADEB-B49FDED5ABD0}.Release|Any CPU.ActiveCfg = Release|Any CPU
		{D3949DF0-882F-435B-ADEB-B49FDED5ABD0}.Release|Any CPU.Build.0 = Release|Any CPU
		{D1E3BF05-6302-4725-8F55-92FC19939022}.Debug|Any CPU.ActiveCfg = Debug|Any CPU
		{D1E3BF05-6302-4725-8F55-92FC19939022}.Debug|Any CPU.Build.0 = Debug|Any CPU
		{D1E3BF05-6302-4725-8F55-92FC19939022}.Release|Any CPU.ActiveCfg = Release|Any CPU
		{D1E3BF05-6302-4725-8F55-92FC19939022}.Release|Any CPU.Build.0 = Release|Any CPU
		{AC02049B-EDA1-4593-A48F-87AF88D5A27F}.Debug|Any CPU.ActiveCfg = Debug|Any CPU
		{AC02049B-EDA1-4593-A48F-87AF88D5A27F}.Debug|Any CPU.Build.0 = Debug|Any CPU
		{AC02049B-EDA1-4593-A48F-87AF88D5A27F}.Release|Any CPU.ActiveCfg = Release|Any CPU
		{AC02049B-EDA1-4593-A48F-87AF88D5A27F}.Release|Any CPU.Build.0 = Release|Any CPU
		{3EC0D9A6-490A-4755-8115-4AF55F121A88}.Debug|Any CPU.ActiveCfg = Debug|Any CPU
		{3EC0D9A6-490A-4755-8115-4AF55F121A88}.Debug|Any CPU.Build.0 = Debug|Any CPU
		{3EC0D9A6-490A-4755-8115-4AF55F121A88}.Release|Any CPU.ActiveCfg = Release|Any CPU
		{3EC0D9A6-490A-4755-8115-4AF55F121A88}.Release|Any CPU.Build.0 = Release|Any CPU
		{1D52BB80-6A09-4EE0-96E6-BA07380C5D50}.Debug|Any CPU.ActiveCfg = Debug|Any CPU
		{1D52BB80-6A09-4EE0-96E6-BA07380C5D50}.Debug|Any CPU.Build.0 = Debug|Any CPU
		{1D52BB80-6A09-4EE0-96E6-BA07380C5D50}.Release|Any CPU.ActiveCfg = Release|Any CPU
		{1D52BB80-6A09-4EE0-96E6-BA07380C5D50}.Release|Any CPU.Build.0 = Release|Any CPU
		{F3D62368-B7C0-440B-B679-3A4EEA87B3B3}.Debug|Any CPU.ActiveCfg = Debug|Any CPU
		{F3D62368-B7C0-440B-B679-3A4EEA87B3B3}.Debug|Any CPU.Build.0 = Debug|Any CPU
		{F3D62368-B7C0-440B-B679-3A4EEA87B3B3}.Release|Any CPU.ActiveCfg = Release|Any CPU
		{F3D62368-B7C0-440B-B679-3A4EEA87B3B3}.Release|Any CPU.Build.0 = Release|Any CPU
	EndGlobalSection
	GlobalSection(SolutionProperties) = preSolution
		HideSolutionNode = FALSE
	EndGlobalSection
	GlobalSection(NestedProjects) = preSolution
		{1D52BB80-6A09-4EE0-96E6-BA07380C5D50} = {E7B6D5D9-7D10-4801-BC6C-FA746B3A877B}
	EndGlobalSection
	GlobalSection(ExtensibilityGlobals) = postSolution
		SolutionGuid = {70B9FAF7-AA0B-4EA0-833B-4947EC3FDE99}
	EndGlobalSection
EndGlobal
